
Microsoft Visual Studio Solution File, Format Version 12.00
# Visual Studio Version 17
VisualStudioVersion = 17.0.31903.59
MinimumVisualStudioVersion = 10.0.40219.1
Project("{2150E333-8FDC-42A3-9474-1A3956D46DE8}") = "services", "services", "{96C4B60E-4C28-468B-9624-29FD98ABA365}"
EndProject
Project("{2150E333-8FDC-42A3-9474-1A3956D46DE8}") = "Orca.Catalog", "Orca.Catalog", "{F4F08E48-CE50-4399-88C8-D8EA1A56458B}"
EndProject
Project("{FAE04EC0-301F-11D3-BF4B-00C04F79EFBC}") = "Orca.Catalog.Api", "services\Orca.Catalog\Orca.Catalog.Api\Orca.Catalog.Api.csproj", "{E2AB345A-A4EB-407F-8EDB-7FA4E5E835AC}"
EndProject
Project("{FAE04EC0-301F-11D3-BF4B-00C04F79EFBC}") = "Orca.Catalog.Application", "services\Orca.Catalog\Orca.Catalog.Application\Orca.Catalog.Application.csproj", "{CDC56D06-C690-41FD-9BE2-2B204879C7B0}"
EndProject
Project("{FAE04EC0-301F-11D3-BF4B-00C04F79EFBC}") = "Orca.Catalog.Domain", "services\Orca.Catalog\Orca.Catalog.Domain\Orca.Catalog.Domain.csproj", "{79A1B9B7-31ED-433F-86D4-B817FFEB969E}"
EndProject
Project("{FAE04EC0-301F-11D3-BF4B-00C04F79EFBC}") = "Orca.Catalog.Infrastructure", "services\Orca.Catalog\Orca.Catalog.Infrastructure\Orca.Catalog.Infrastructure.csproj", "{F5F75506-D808-4FFF-977D-54DED4719A81}"
EndProject
Project("{2150E333-8FDC-42A3-9474-1A3956D46DE8}") = "Orca.Identity", "Orca.Identity", "{70944E17-0BDC-45DE-8459-37B8CA1A6112}"
EndProject
Project("{FAE04EC0-301F-11D3-BF4B-00C04F79EFBC}") = "Orca.Identity.Api", "services\Orca.Identity\Orca.Identity.Api\Orca.Identity.Api.csproj", "{FEAB7D51-06D5-4A76-BB74-B2AAF67B2B00}"
EndProject
Project("{FAE04EC0-301F-11D3-BF4B-00C04F79EFBC}") = "Orca.Identity.Application", "services\Orca.Identity\Orca.Identity.Application\Orca.Identity.Application.csproj", "{82F725A1-02DC-49FA-B1AE-CD6713E8E9D6}"
EndProject
Project("{FAE04EC0-301F-11D3-BF4B-00C04F79EFBC}") = "Orca.Identity.Domain", "services\Orca.Identity\Orca.Identity.Domain\Orca.Identity.Domain.csproj", "{2CA6D3B5-5D77-49BF-9626-24DA3FC23805}"
EndProject
Project("{FAE04EC0-301F-11D3-BF4B-00C04F79EFBC}") = "Orca.Identity.Infrastructure", "services\Orca.Identity\Orca.Identity.Infrastructure\Orca.Identity.Infrastructure.csproj", "{F2C1EE3F-5027-4112-BEC2-3AB2A78764FA}"
EndProject
Project("{2150E333-8FDC-42A3-9474-1A3956D46DE8}") = "Orca.Forms", "Orca.Forms", "{1C24F203-0291-49E0-9A8B-0639E63ED8D8}"
EndProject
Project("{FAE04EC0-301F-11D3-BF4B-00C04F79EFBC}") = "Orca.Forms.Api", "services\Orca.Forms\Orca.Forms.Api\Orca.Forms.Api.csproj", "{4A90436E-B374-4A90-BA62-6219A9EE3F97}"
EndProject
Project("{FAE04EC0-301F-11D3-BF4B-00C04F79EFBC}") = "Orca.Forms.Application", "services\Orca.Forms\Orca.Forms.Application\Orca.Forms.Application.csproj", "{2B12605B-30C1-42B2-9F0D-37C383231687}"
EndProject
Project("{FAE04EC0-301F-11D3-BF4B-00C04F79EFBC}") = "Orca.Forms.Domain", "services\Orca.Forms\Orca.Forms.Domain\Orca.Forms.Domain.csproj", "{91DEFD0E-2F93-45D5-A656-F55DBE35B7F5}"
EndProject
Project("{FAE04EC0-301F-11D3-BF4B-00C04F79EFBC}") = "Orca.Forms.Infrastructure", "services\Orca.Forms\Orca.Forms.Infrastructure\Orca.Forms.Infrastructure.csproj", "{2BBDE7C5-D032-480F-81BA-9564FCD07548}"
EndProject
Project("{2150E333-8FDC-42A3-9474-1A3956D46DE8}") = "Orca.Requests", "Orca.Requests", "{20320E4A-E15F-4E46-BF0F-1E607B07031D}"
EndProject
Project("{FAE04EC0-301F-11D3-BF4B-00C04F79EFBC}") = "Orca.Requests.Api", "services\Orca.Requests\Orca.Requests.Api\Orca.Requests.Api.csproj", "{D244E3D2-4955-4547-8700-AEE0A5BD98CA}"
EndProject
Project("{FAE04EC0-301F-11D3-BF4B-00C04F79EFBC}") = "Orca.Requests.Application", "services\Orca.Requests\Orca.Requests.Application\Orca.Requests.Application.csproj", "{E5CAFB46-B700-4E44-A29C-53B085BE5BCB}"
EndProject
Project("{FAE04EC0-301F-11D3-BF4B-00C04F79EFBC}") = "Orca.Requests.Domain", "services\Orca.Requests\Orca.Requests.Domain\Orca.Requests.Domain.csproj", "{40DD03C5-8535-483E-B3AB-FB3BC6B45A01}"
EndProject
Project("{FAE04EC0-301F-11D3-BF4B-00C04F79EFBC}") = "Orca.Requests.Infrastructure", "services\Orca.Requests\Orca.Requests.Infrastructure\Orca.Requests.Infrastructure.csproj", "{B2B83B62-1D60-4995-8182-3FE6D66F19F1}"
EndProject
Project("{2150E333-8FDC-42A3-9474-1A3956D46DE8}") = "Orca.Orchestrator", "Orca.Orchestrator", "{A7397E2C-5540-4BBB-82A3-8FBC0694120A}"
EndProject
Project("{FAE04EC0-301F-11D3-BF4B-00C04F79EFBC}") = "Orca.Orchestrator.Api", "services\Orca.Orchestrator\Orca.Orchestrator.Api\Orca.Orchestrator.Api.csproj", "{E26CFEF5-5678-422A-AAA9-455BCAC41699}"
EndProject
Project("{FAE04EC0-301F-11D3-BF4B-00C04F79EFBC}") = "Orca.Orchestrator.Application", "services\Orca.Orchestrator\Orca.Orchestrator.Application\Orca.Orchestrator.Application.csproj", "{EAF9EC81-BD32-46CE-A3A4-500424762EA2}"
EndProject
Project("{FAE04EC0-301F-11D3-BF4B-00C04F79EFBC}") = "Orca.Orchestrator.Domain", "services\Orca.Orchestrator\Orca.Orchestrator.Domain\Orca.Orchestrator.Domain.csproj", "{1F5B37C1-0C38-4E17-82B2-C656AA68DE66}"
EndProject
Project("{FAE04EC0-301F-11D3-BF4B-00C04F79EFBC}") = "Orca.Orchestrator.Infrastructure", "services\Orca.Orchestrator\Orca.Orchestrator.Infrastructure\Orca.Orchestrator.Infrastructure.csproj", "{C0168624-0DAF-4DB6-B2DE-184A42E88A58}"
EndProject
Project("{2150E333-8FDC-42A3-9474-1A3956D46DE8}") = "shared", "shared", "{2F430175-9B23-4CE9-8EC5-55727932E6C4}"
EndProject
Project("{2150E333-8FDC-42A3-9474-1A3956D46DE8}") = "Orca.Shared", "Orca.Shared", "{E7670D94-E8D3-448E-AD4F-F9E8E27A2BED}"
EndProject
Project("{2150E333-8FDC-42A3-9474-1A3956D46DE8}") = "Orca.Shared.Domain", "Orca.Shared.Domain", "{5133D32B-2EDB-4482-BD12-3B7893D6E4CC}"
EndProject
Project("{FAE04EC0-301F-11D3-BF4B-00C04F79EFBC}") = "Orca.Shared.Domain", "shared\Orca.Shared\Orca.Shared.Domain\Orca.Shared.Domain\Orca.Shared.Domain.csproj", "{C864C5EC-8E48-4453-9EFE-8E229467E7F5}"
EndProject
Project("{2150E333-8FDC-42A3-9474-1A3956D46DE8}") = "Orca.Shared.Events", "Orca.Shared.Events", "{8CA0448C-90ED-403A-8E94-9ADB4A097D7B}"
EndProject
Project("{FAE04EC0-301F-11D3-BF4B-00C04F79EFBC}") = "Orca.Shared.Events", "shared\Orca.Shared\Orca.Shared.Events\Orca.Shared.Events\Orca.Shared.Events.csproj", "{9D74B016-B083-45FE-ACB1-171530FAE4AA}"
EndProject
Project("{2150E333-8FDC-42A3-9474-1A3956D46DE8}") = "Orca.Shared.Contracts", "Orca.Shared.Contracts", "{58864C9E-05E9-4989-9262-CF304574BBB6}"
EndProject
Project("{FAE04EC0-301F-11D3-BF4B-00C04F79EFBC}") = "Orca.Shared.Contracts", "shared\Orca.Shared\Orca.Shared.Contracts\Orca.Shared.Contracts\Orca.Shared.Contracts.csproj", "{A3C32242-0AD7-4673-9E7B-FC73FD2B9B8C}"
EndProject
Global
	GlobalSection(SolutionConfigurationPlatforms) = preSolution
		Debug|Any CPU = Debug|Any CPU
		Release|Any CPU = Release|Any CPU
	EndGlobalSection
	GlobalSection(SolutionProperties) = preSolution
		HideSolutionNode = FALSE
	EndGlobalSection
	GlobalSection(ProjectConfigurationPlatforms) = postSolution
		{E2AB345A-A4EB-407F-8EDB-7FA4E5E835AC}.Debug|Any CPU.ActiveCfg = Debug|Any CPU
		{E2AB345A-A4EB-407F-8EDB-7FA4E5E835AC}.Debug|Any CPU.Build.0 = Debug|Any CPU
		{E2AB345A-A4EB-407F-8EDB-7FA4E5E835AC}.Release|Any CPU.ActiveCfg = Release|Any CPU
		{E2AB345A-A4EB-407F-8EDB-7FA4E5E835AC}.Release|Any CPU.Build.0 = Release|Any CPU
		{CDC56D06-C690-41FD-9BE2-2B204879C7B0}.Debug|Any CPU.ActiveCfg = Debug|Any CPU
		{CDC56D06-C690-41FD-9BE2-2B204879C7B0}.Debug|Any CPU.Build.0 = Debug|Any CPU
		{CDC56D06-C690-41FD-9BE2-2B204879C7B0}.Release|Any CPU.ActiveCfg = Release|Any CPU
		{CDC56D06-C690-41FD-9BE2-2B204879C7B0}.Release|Any CPU.Build.0 = Release|Any CPU
		{79A1B9B7-31ED-433F-86D4-B817FFEB969E}.Debug|Any CPU.ActiveCfg = Debug|Any CPU
		{79A1B9B7-31ED-433F-86D4-B817FFEB969E}.Debug|Any CPU.Build.0 = Debug|Any CPU
		{79A1B9B7-31ED-433F-86D4-B817FFEB969E}.Release|Any CPU.ActiveCfg = Release|Any CPU
		{79A1B9B7-31ED-433F-86D4-B817FFEB969E}.Release|Any CPU.Build.0 = Release|Any CPU
		{F5F75506-D808-4FFF-977D-54DED4719A81}.Debug|Any CPU.ActiveCfg = Debug|Any CPU
		{F5F75506-D808-4FFF-977D-54DED4719A81}.Debug|Any CPU.Build.0 = Debug|Any CPU
		{F5F75506-D808-4FFF-977D-54DED4719A81}.Release|Any CPU.ActiveCfg = Release|Any CPU
		{F5F75506-D808-4FFF-977D-54DED4719A81}.Release|Any CPU.Build.0 = Release|Any CPU
		{FEAB7D51-06D5-4A76-BB74-B2AAF67B2B00}.Debug|Any CPU.ActiveCfg = Debug|Any CPU
		{FEAB7D51-06D5-4A76-BB74-B2AAF67B2B00}.Debug|Any CPU.Build.0 = Debug|Any CPU
		{FEAB7D51-06D5-4A76-BB74-B2AAF67B2B00}.Release|Any CPU.ActiveCfg = Release|Any CPU
		{FEAB7D51-06D5-4A76-BB74-B2AAF67B2B00}.Release|Any CPU.Build.0 = Release|Any CPU
		{82F725A1-02DC-49FA-B1AE-CD6713E8E9D6}.Debug|Any CPU.ActiveCfg = Debug|Any CPU
		{82F725A1-02DC-49FA-B1AE-CD6713E8E9D6}.Debug|Any CPU.Build.0 = Debug|Any CPU
		{82F725A1-02DC-49FA-B1AE-CD6713E8E9D6}.Release|Any CPU.ActiveCfg = Release|Any CPU
		{82F725A1-02DC-49FA-B1AE-CD6713E8E9D6}.Release|Any CPU.Build.0 = Release|Any CPU
		{2CA6D3B5-5D77-49BF-9626-24DA3FC23805}.Debug|Any CPU.ActiveCfg = Debug|Any CPU
		{2CA6D3B5-5D77-49BF-9626-24DA3FC23805}.Debug|Any CPU.Build.0 = Debug|Any CPU
		{2CA6D3B5-5D77-49BF-9626-24DA3FC23805}.Release|Any CPU.ActiveCfg = Release|Any CPU
		{2CA6D3B5-5D77-49BF-9626-24DA3FC23805}.Release|Any CPU.Build.0 = Release|Any CPU
		{F2C1EE3F-5027-4112-BEC2-3AB2A78764FA}.Debug|Any CPU.ActiveCfg = Debug|Any CPU
		{F2C1EE3F-5027-4112-BEC2-3AB2A78764FA}.Debug|Any CPU.Build.0 = Debug|Any CPU
		{F2C1EE3F-5027-4112-BEC2-3AB2A78764FA}.Release|Any CPU.ActiveCfg = Release|Any CPU
		{F2C1EE3F-5027-4112-BEC2-3AB2A78764FA}.Release|Any CPU.Build.0 = Release|Any CPU
		{4A90436E-B374-4A90-BA62-6219A9EE3F97}.Debug|Any CPU.ActiveCfg = Debug|Any CPU
		{4A90436E-B374-4A90-BA62-6219A9EE3F97}.Debug|Any CPU.Build.0 = Debug|Any CPU
		{4A90436E-B374-4A90-BA62-6219A9EE3F97}.Release|Any CPU.ActiveCfg = Release|Any CPU
		{4A90436E-B374-4A90-BA62-6219A9EE3F97}.Release|Any CPU.Build.0 = Release|Any CPU
		{2B12605B-30C1-42B2-9F0D-37C383231687}.Debug|Any CPU.ActiveCfg = Debug|Any CPU
		{2B12605B-30C1-42B2-9F0D-37C383231687}.Debug|Any CPU.Build.0 = Debug|Any CPU
		{2B12605B-30C1-42B2-9F0D-37C383231687}.Release|Any CPU.ActiveCfg = Release|Any CPU
		{2B12605B-30C1-42B2-9F0D-37C383231687}.Release|Any CPU.Build.0 = Release|Any CPU
		{91DEFD0E-2F93-45D5-A656-F55DBE35B7F5}.Debug|Any CPU.ActiveCfg = Debug|Any CPU
		{91DEFD0E-2F93-45D5-A656-F55DBE35B7F5}.Debug|Any CPU.Build.0 = Debug|Any CPU
		{91DEFD0E-2F93-45D5-A656-F55DBE35B7F5}.Release|Any CPU.ActiveCfg = Release|Any CPU
		{91DEFD0E-2F93-45D5-A656-F55DBE35B7F5}.Release|Any CPU.Build.0 = Release|Any CPU
		{2BBDE7C5-D032-480F-81BA-9564FCD07548}.Debug|Any CPU.ActiveCfg = Debug|Any CPU
		{2BBDE7C5-D032-480F-81BA-9564FCD07548}.Debug|Any CPU.Build.0 = Debug|Any CPU
		{2BBDE7C5-D032-480F-81BA-9564FCD07548}.Release|Any CPU.ActiveCfg = Release|Any CPU
		{2BBDE7C5-D032-480F-81BA-9564FCD07548}.Release|Any CPU.Build.0 = Release|Any CPU
		{D244E3D2-4955-4547-8700-AEE0A5BD98CA}.Debug|Any CPU.ActiveCfg = Debug|Any CPU
		{D244E3D2-4955-4547-8700-AEE0A5BD98CA}.Debug|Any CPU.Build.0 = Debug|Any CPU
		{D244E3D2-4955-4547-8700-AEE0A5BD98CA}.Release|Any CPU.ActiveCfg = Release|Any CPU
		{D244E3D2-4955-4547-8700-AEE0A5BD98CA}.Release|Any CPU.Build.0 = Release|Any CPU
		{E5CAFB46-B700-4E44-A29C-53B085BE5BCB}.Debug|Any CPU.ActiveCfg = Debug|Any CPU
		{E5CAFB46-B700-4E44-A29C-53B085BE5BCB}.Debug|Any CPU.Build.0 = Debug|Any CPU
		{E5CAFB46-B700-4E44-A29C-53B085BE5BCB}.Release|Any CPU.ActiveCfg = Release|Any CPU
		{E5CAFB46-B700-4E44-A29C-53B085BE5BCB}.Release|Any CPU.Build.0 = Release|Any CPU
		{40DD03C5-8535-483E-B3AB-FB3BC6B45A01}.Debug|Any CPU.ActiveCfg = Debug|Any CPU
		{40DD03C5-8535-483E-B3AB-FB3BC6B45A01}.Debug|Any CPU.Build.0 = Debug|Any CPU
		{40DD03C5-8535-483E-B3AB-FB3BC6B45A01}.Release|Any CPU.ActiveCfg = Release|Any CPU
		{40DD03C5-8535-483E-B3AB-FB3BC6B45A01}.Release|Any CPU.Build.0 = Release|Any CPU
		{B2B83B62-1D60-4995-8182-3FE6D66F19F1}.Debug|Any CPU.ActiveCfg = Debug|Any CPU
		{B2B83B62-1D60-4995-8182-3FE6D66F19F1}.Debug|Any CPU.Build.0 = Debug|Any CPU
		{B2B83B62-1D60-4995-8182-3FE6D66F19F1}.Release|Any CPU.ActiveCfg = Release|Any CPU
		{B2B83B62-1D60-4995-8182-3FE6D66F19F1}.Release|Any CPU.Build.0 = Release|Any CPU
		{E26CFEF5-5678-422A-AAA9-455BCAC41699}.Debug|Any CPU.ActiveCfg = Debug|Any CPU
		{E26CFEF5-5678-422A-AAA9-455BCAC41699}.Debug|Any CPU.Build.0 = Debug|Any CPU
		{E26CFEF5-5678-422A-AAA9-455BCAC41699}.Release|Any CPU.ActiveCfg = Release|Any CPU
		{E26CFEF5-5678-422A-AAA9-455BCAC41699}.Release|Any CPU.Build.0 = Release|Any CPU
		{EAF9EC81-BD32-46CE-A3A4-500424762EA2}.Debug|Any CPU.ActiveCfg = Debug|Any CPU
		{EAF9EC81-BD32-46CE-A3A4-500424762EA2}.Debug|Any CPU.Build.0 = Debug|Any CPU
		{EAF9EC81-BD32-46CE-A3A4-500424762EA2}.Release|Any CPU.ActiveCfg = Release|Any CPU
		{EAF9EC81-BD32-46CE-A3A4-500424762EA2}.Release|Any CPU.Build.0 = Release|Any CPU
		{1F5B37C1-0C38-4E17-82B2-C656AA68DE66}.Debug|Any CPU.ActiveCfg = Debug|Any CPU
		{1F5B37C1-0C38-4E17-82B2-C656AA68DE66}.Debug|Any CPU.Build.0 = Debug|Any CPU
		{1F5B37C1-0C38-4E17-82B2-C656AA68DE66}.Release|Any CPU.ActiveCfg = Release|Any CPU
		{1F5B37C1-0C38-4E17-82B2-C656AA68DE66}.Release|Any CPU.Build.0 = Release|Any CPU
		{C0168624-0DAF-4DB6-B2DE-184A42E88A58}.Debug|Any CPU.ActiveCfg = Debug|Any CPU
		{C0168624-0DAF-4DB6-B2DE-184A42E88A58}.Debug|Any CPU.Build.0 = Debug|Any CPU
		{C0168624-0DAF-4DB6-B2DE-184A42E88A58}.Release|Any CPU.ActiveCfg = Release|Any CPU
		{C0168624-0DAF-4DB6-B2DE-184A42E88A58}.Release|Any CPU.Build.0 = Release|Any CPU
		{C864C5EC-8E48-4453-9EFE-8E229467E7F5}.Debug|Any CPU.ActiveCfg = Debug|Any CPU
		{C864C5EC-8E48-4453-9EFE-8E229467E7F5}.Debug|Any CPU.Build.0 = Debug|Any CPU
		{C864C5EC-8E48-4453-9EFE-8E229467E7F5}.Release|Any CPU.ActiveCfg = Release|Any CPU
		{C864C5EC-8E48-4453-9EFE-8E229467E7F5}.Release|Any CPU.Build.0 = Release|Any CPU
		{9D74B016-B083-45FE-ACB1-171530FAE4AA}.Debug|Any CPU.ActiveCfg = Debug|Any CPU
		{9D74B016-B083-45FE-ACB1-171530FAE4AA}.Debug|Any CPU.Build.0 = Debug|Any CPU
		{9D74B016-B083-45FE-ACB1-171530FAE4AA}.Release|Any CPU.ActiveCfg = Release|Any CPU
		{9D74B016-B083-45FE-ACB1-171530FAE4AA}.Release|Any CPU.Build.0 = Release|Any CPU
		{A3C32242-0AD7-4673-9E7B-FC73FD2B9B8C}.Debug|Any CPU.ActiveCfg = Debug|Any CPU
		{A3C32242-0AD7-4673-9E7B-FC73FD2B9B8C}.Debug|Any CPU.Build.0 = Debug|Any CPU
		{A3C32242-0AD7-4673-9E7B-FC73FD2B9B8C}.Release|Any CPU.ActiveCfg = Release|Any CPU
		{A3C32242-0AD7-4673-9E7B-FC73FD2B9B8C}.Release|Any CPU.Build.0 = Release|Any CPU
	EndGlobalSection
	GlobalSection(NestedProjects) = preSolution
		{F4F08E48-CE50-4399-88C8-D8EA1A56458B} = {96C4B60E-4C28-468B-9624-29FD98ABA365}
		{E2AB345A-A4EB-407F-8EDB-7FA4E5E835AC} = {F4F08E48-CE50-4399-88C8-D8EA1A56458B}
		{CDC56D06-C690-41FD-9BE2-2B204879C7B0} = {F4F08E48-CE50-4399-88C8-D8EA1A56458B}
		{79A1B9B7-31ED-433F-86D4-B817FFEB969E} = {F4F08E48-CE50-4399-88C8-D8EA1A56458B}
		{F5F75506-D808-4FFF-977D-54DED4719A81} = {F4F08E48-CE50-4399-88C8-D8EA1A56458B}
		{70944E17-0BDC-45DE-8459-37B8CA1A6112} = {96C4B60E-4C28-468B-9624-29FD98ABA365}
		{FEAB7D51-06D5-4A76-BB74-B2AAF67B2B00} = {70944E17-0BDC-45DE-8459-37B8CA1A6112}
		{82F725A1-02DC-49FA-B1AE-CD6713E8E9D6} = {70944E17-0BDC-45DE-8459-37B8CA1A6112}
		{2CA6D3B5-5D77-49BF-9626-24DA3FC23805} = {70944E17-0BDC-45DE-8459-37B8CA1A6112}
		{F2C1EE3F-5027-4112-BEC2-3AB2A78764FA} = {70944E17-0BDC-45DE-8459-37B8CA1A6112}
		{1C24F203-0291-49E0-9A8B-0639E63ED8D8} = {96C4B60E-4C28-468B-9624-29FD98ABA365}
		{4A90436E-B374-4A90-BA62-6219A9EE3F97} = {1C24F203-0291-49E0-9A8B-0639E63ED8D8}
		{2B12605B-30C1-42B2-9F0D-37C383231687} = {1C24F203-0291-49E0-9A8B-0639E63ED8D8}
		{91DEFD0E-2F93-45D5-A656-F55DBE35B7F5} = {1C24F203-0291-49E0-9A8B-0639E63ED8D8}
		{2BBDE7C5-D032-480F-81BA-9564FCD07548} = {1C24F203-0291-49E0-9A8B-0639E63ED8D8}
		{20320E4A-E15F-4E46-BF0F-1E607B07031D} = {96C4B60E-4C28-468B-9624-29FD98ABA365}
		{D244E3D2-4955-4547-8700-AEE0A5BD98CA} = {20320E4A-E15F-4E46-BF0F-1E607B07031D}
		{E5CAFB46-B700-4E44-A29C-53B085BE5BCB} = {20320E4A-E15F-4E46-BF0F-1E607B07031D}
		{40DD03C5-8535-483E-B3AB-FB3BC6B45A01} = {20320E4A-E15F-4E46-BF0F-1E607B07031D}
		{B2B83B62-1D60-4995-8182-3FE6D66F19F1} = {20320E4A-E15F-4E46-BF0F-1E607B07031D}
		{A7397E2C-5540-4BBB-82A3-8FBC0694120A} = {96C4B60E-4C28-468B-9624-29FD98ABA365}
		{E26CFEF5-5678-422A-AAA9-455BCAC41699} = {A7397E2C-5540-4BBB-82A3-8FBC0694120A}
		{EAF9EC81-BD32-46CE-A3A4-500424762EA2} = {A7397E2C-5540-4BBB-82A3-8FBC0694120A}
		{1F5B37C1-0C38-4E17-82B2-C656AA68DE66} = {A7397E2C-5540-4BBB-82A3-8FBC0694120A}
		{C0168624-0DAF-4DB6-B2DE-184A42E88A58} = {A7397E2C-5540-4BBB-82A3-8FBC0694120A}
		{E7670D94-E8D3-448E-AD4F-F9E8E27A2BED} = {2F430175-9B23-4CE9-8EC5-55727932E6C4}
		{5133D32B-2EDB-4482-BD12-3B7893D6E4CC} = {E7670D94-E8D3-448E-AD4F-F9E8E27A2BED}
		{C864C5EC-8E48-4453-9EFE-8E229467E7F5} = {5133D32B-2EDB-4482-BD12-3B7893D6E4CC}
		{8CA0448C-90ED-403A-8E94-9ADB4A097D7B} = {E7670D94-E8D3-448E-AD4F-F9E8E27A2BED}
		{9D74B016-B083-45FE-ACB1-171530FAE4AA} = {8CA0448C-90ED-403A-8E94-9ADB4A097D7B}
		{58864C9E-05E9-4989-9262-CF304574BBB6} = {E7670D94-E8D3-448E-AD4F-F9E8E27A2BED}
		{A3C32242-0AD7-4673-9E7B-FC73FD2B9B8C} = {58864C9E-05E9-4989-9262-CF304574BBB6}
	EndGlobalSection
EndGlobal
