
Microsoft Visual Studio Solution File, Format Version 12.00
# Visual Studio Version 17
VisualStudioVersion = 17.0.31903.59
MinimumVisualStudioVersion = 10.0.40219.1
Project("{2150E333-8FDC-42A3-9474-1A3956D46DE8}") = "Orca.Identity", "Orca.Identity", "{1F4CCF59-D0A7-482B-915E-4C6378236936}"
EndProject
Project("{FAE04EC0-301F-11D3-BF4B-00C04F79EFBC}") = "Orca.Identity.Api", "Orca.Identity\Orca.Identity.Api\Orca.Identity.Api.csproj", "{E7A6D96F-3390-4AF7-866F-6470299CDEDA}"
EndProject
Project("{FAE04EC0-301F-11D3-BF4B-00C04F79EFBC}") = "Orca.Identity.Application", "Orca.Identity\Orca.Identity.Application\Orca.Identity.Application.csproj", "{D3158D0F-B7B6-4E91-9A79-9FCE1907076D}"
EndProject
Project("{FAE04EC0-301F-11D3-BF4B-00C04F79EFBC}") = "Orca.Identity.Domain", "Orca.Identity\Orca.Identity.Domain\Orca.Identity.Domain.csproj", "{57DD4A65-8E08-4658-850C-C850B2B0A3B1}"
EndProject
Project("{FAE04EC0-301F-11D3-BF4B-00C04F79EFBC}") = "Orca.Identity.Infrastructure", "Orca.Identity\Orca.Identity.Infrastructure\Orca.Identity.Infrastructure.csproj", "{72FFDE69-AEF2-4A4E-9C21-864796E22064}"
EndProject
Global
	GlobalSection(SolutionConfigurationPlatforms) = preSolution
		Debug|Any CPU = Debug|Any CPU
		Release|Any CPU = Release|Any CPU
	EndGlobalSection
	GlobalSection(SolutionProperties) = preSolution
		HideSolutionNode = FALSE
	EndGlobalSection
	GlobalSection(ProjectConfigurationPlatforms) = postSolution
		{E7A6D96F-3390-4AF7-866F-6470299CDEDA}.Debug|Any CPU.ActiveCfg = Debug|Any CPU
		{E7A6D96F-3390-4AF7-866F-6470299CDEDA}.Debug|Any CPU.Build.0 = Debug|Any CPU
		{E7A6D96F-3390-4AF7-866F-6470299CDEDA}.Release|Any CPU.ActiveCfg = Release|Any CPU
		{E7A6D96F-3390-4AF7-866F-6470299CDEDA}.Release|Any CPU.Build.0 = Release|Any CPU
		{D3158D0F-B7B6-4E91-9A79-9FCE1907076D}.Debug|Any CPU.ActiveCfg = Debug|Any CPU
		{D3158D0F-B7B6-4E91-9A79-9FCE1907076D}.Debug|Any CPU.Build.0 = Debug|Any CPU
		{D3158D0F-B7B6-4E91-9A79-9FCE1907076D}.Release|Any CPU.ActiveCfg = Release|Any CPU
		{D3158D0F-B7B6-4E91-9A79-9FCE1907076D}.Release|Any CPU.Build.0 = Release|Any CPU
		{57DD4A65-8E08-4658-850C-C850B2B0A3B1}.Debug|Any CPU.ActiveCfg = Debug|Any CPU
		{57DD4A65-8E08-4658-850C-C850B2B0A3B1}.Debug|Any CPU.Build.0 = Debug|Any CPU
		{57DD4A65-8E08-4658-850C-C850B2B0A3B1}.Release|Any CPU.ActiveCfg = Release|Any CPU
		{57DD4A65-8E08-4658-850C-C850B2B0A3B1}.Release|Any CPU.Build.0 = Release|Any CPU
		{72FFDE69-AEF2-4A4E-9C21-864796E22064}.Debug|Any CPU.ActiveCfg = Debug|Any CPU
		{72FFDE69-AEF2-4A4E-9C21-864796E22064}.Debug|Any CPU.Build.0 = Debug|Any CPU
		{72FFDE69-AEF2-4A4E-9C21-864796E22064}.Release|Any CPU.ActiveCfg = Release|Any CPU
		{72FFDE69-AEF2-4A4E-9C21-864796E22064}.Release|Any CPU.Build.0 = Release|Any CPU
	EndGlobalSection
	GlobalSection(NestedProjects) = preSolution
		{E7A6D96F-3390-4AF7-866F-6470299CDEDA} = {1F4CCF59-D0A7-482B-915E-4C6378236936}
		{D3158D0F-B7B6-4E91-9A79-9FCE1907076D} = {1F4CCF59-D0A7-482B-915E-4C6378236936}
		{57DD4A65-8E08-4658-850C-C850B2B0A3B1} = {1F4CCF59-D0A7-482B-915E-4C6378236936}
		{72FFDE69-AEF2-4A4E-9C21-864796E22064} = {1F4CCF59-D0A7-482B-915E-4C6378236936}
	EndGlobalSection
EndGlobal
